
Microsoft Visual Studio Solution File, Format Version 12.00
# Visual Studio 15
VisualStudioVersion = 15.0.28010.2048
MinimumVisualStudioVersion = 10.0.40219.1
Project("{FAE04EC0-301F-11D3-BF4B-00C04F79EFBC}") = "sql1", "sql1\sql1.csproj", "{0BD3D0E6-9DFE-4E59-A917-0C6B97FFFF59}"
EndProject
Global
	GlobalSection(SolutionConfigurationPlatforms) = preSolution
		Debug|Any CPU = Debug|Any CPU
		Release|Any CPU = Release|Any CPU
	EndGlobalSection
	GlobalSection(ProjectConfigurationPlatforms) = postSolution
		{0BD3D0E6-9DFE-4E59-A917-0C6B97FFFF59}.Debug|Any CPU.ActiveCfg = Debug|Any CPU
		{0BD3D0E6-9DFE-4E59-A917-0C6B97FFFF59}.Debug|Any CPU.Build.0 = Debug|Any CPU
		{0BD3D0E6-9DFE-4E59-A917-0C6B97FFFF59}.Release|Any CPU.ActiveCfg = Release|Any CPU
		{0BD3D0E6-9DFE-4E59-A917-0C6B97FFFF59}.Release|Any CPU.Build.0 = Release|Any CPU
	EndGlobalSection
	GlobalSection(SolutionProperties) = preSolution
		HideSolutionNode = FALSE
	EndGlobalSection
	GlobalSection(ExtensibilityGlobals) = postSolution
		SolutionGuid = {BFD7307B-61CB-403B-9F29-61C5B862D842}
	EndGlobalSection
EndGlobal
