
Microsoft Visual Studio Solution File, Format Version 12.00
# Visual Studio 15
VisualStudioVersion = 15.0.28010.2048
MinimumVisualStudioVersion = 10.0.40219.1
Project("{FAE04EC0-301F-11D3-BF4B-00C04F79EFBC}") = "Module8.3", "Module8.3\Module8.3.csproj", "{06DA1CAB-B3C4-47CF-8227-2CA3B55D4F2D}"
EndProject
Global
	GlobalSection(SolutionConfigurationPlatforms) = preSolution
		Debug|Any CPU = Debug|Any CPU
		Release|Any CPU = Release|Any CPU
	EndGlobalSection
	GlobalSection(ProjectConfigurationPlatforms) = postSolution
		{06DA1CAB-B3C4-47CF-8227-2CA3B55D4F2D}.Debug|Any CPU.ActiveCfg = Debug|Any CPU
		{06DA1CAB-B3C4-47CF-8227-2CA3B55D4F2D}.Debug|Any CPU.Build.0 = Debug|Any CPU
		{06DA1CAB-B3C4-47CF-8227-2CA3B55D4F2D}.Release|Any CPU.ActiveCfg = Release|Any CPU
		{06DA1CAB-B3C4-47CF-8227-2CA3B55D4F2D}.Release|Any CPU.Build.0 = Release|Any CPU
	EndGlobalSection
	GlobalSection(SolutionProperties) = preSolution
		HideSolutionNode = FALSE
	EndGlobalSection
	GlobalSection(ExtensibilityGlobals) = postSolution
		SolutionGuid = {FCF4508F-77A0-4383-B66F-55E488DD40E7}
	EndGlobalSection
EndGlobal
