
Microsoft Visual Studio Solution File, Format Version 12.00
# Visual Studio 15
VisualStudioVersion = 15.0.28010.2048
MinimumVisualStudioVersion = 10.0.40219.1
Project("{FAE04EC0-301F-11D3-BF4B-00C04F79EFBC}") = "Modul12", "Modul12\Modul12.csproj", "{18135680-72CB-4858-80B2-E65374F0978F}"
EndProject
Global
	GlobalSection(SolutionConfigurationPlatforms) = preSolution
		Debug|Any CPU = Debug|Any CPU
		Release|Any CPU = Release|Any CPU
	EndGlobalSection
	GlobalSection(ProjectConfigurationPlatforms) = postSolution
		{18135680-72CB-4858-80B2-E65374F0978F}.Debug|Any CPU.ActiveCfg = Debug|Any CPU
		{18135680-72CB-4858-80B2-E65374F0978F}.Debug|Any CPU.Build.0 = Debug|Any CPU
		{18135680-72CB-4858-80B2-E65374F0978F}.Release|Any CPU.ActiveCfg = Release|Any CPU
		{18135680-72CB-4858-80B2-E65374F0978F}.Release|Any CPU.Build.0 = Release|Any CPU
	EndGlobalSection
	GlobalSection(SolutionProperties) = preSolution
		HideSolutionNode = FALSE
	EndGlobalSection
	GlobalSection(ExtensibilityGlobals) = postSolution
		SolutionGuid = {EF232889-BAE2-408C-8E61-C42E2C31D81E}
	EndGlobalSection
EndGlobal
