
Microsoft Visual Studio Solution File, Format Version 12.00
# Visual Studio 15
VisualStudioVersion = 15.0.28010.2048
MinimumVisualStudioVersion = 10.0.40219.1
Project("{FAE04EC0-301F-11D3-BF4B-00C04F79EFBC}") = "Classes9.1", "Classes9.1\Classes9.1.csproj", "{823965FA-4E27-4A3C-BE19-F5A7EEDA0421}"
EndProject
Global
	GlobalSection(SolutionConfigurationPlatforms) = preSolution
		Debug|Any CPU = Debug|Any CPU
		Release|Any CPU = Release|Any CPU
	EndGlobalSection
	GlobalSection(ProjectConfigurationPlatforms) = postSolution
		{823965FA-4E27-4A3C-BE19-F5A7EEDA0421}.Debug|Any CPU.ActiveCfg = Debug|Any CPU
		{823965FA-4E27-4A3C-BE19-F5A7EEDA0421}.Debug|Any CPU.Build.0 = Debug|Any CPU
		{823965FA-4E27-4A3C-BE19-F5A7EEDA0421}.Release|Any CPU.ActiveCfg = Release|Any CPU
		{823965FA-4E27-4A3C-BE19-F5A7EEDA0421}.Release|Any CPU.Build.0 = Release|Any CPU
	EndGlobalSection
	GlobalSection(SolutionProperties) = preSolution
		HideSolutionNode = FALSE
	EndGlobalSection
	GlobalSection(ExtensibilityGlobals) = postSolution
		SolutionGuid = {46C1D484-FA7C-44C3-8069-B8300094B9C1}
	EndGlobalSection
EndGlobal
