
Microsoft Visual Studio Solution File, Format Version 12.00
# Visual Studio 15
VisualStudioVersion = 15.0.28010.2048
MinimumVisualStudioVersion = 10.0.40219.1
Project("{FAE04EC0-301F-11D3-BF4B-00C04F79EFBC}") = "Module10.5", "Module10.5\Module10.5.csproj", "{439F4F11-A80E-4DCC-8FC5-5FF737283BF9}"
EndProject
Global
	GlobalSection(SolutionConfigurationPlatforms) = preSolution
		Debug|Any CPU = Debug|Any CPU
		Release|Any CPU = Release|Any CPU
	EndGlobalSection
	GlobalSection(ProjectConfigurationPlatforms) = postSolution
		{439F4F11-A80E-4DCC-8FC5-5FF737283BF9}.Debug|Any CPU.ActiveCfg = Debug|Any CPU
		{439F4F11-A80E-4DCC-8FC5-5FF737283BF9}.Debug|Any CPU.Build.0 = Debug|Any CPU
		{439F4F11-A80E-4DCC-8FC5-5FF737283BF9}.Release|Any CPU.ActiveCfg = Release|Any CPU
		{439F4F11-A80E-4DCC-8FC5-5FF737283BF9}.Release|Any CPU.Build.0 = Release|Any CPU
	EndGlobalSection
	GlobalSection(SolutionProperties) = preSolution
		HideSolutionNode = FALSE
	EndGlobalSection
	GlobalSection(ExtensibilityGlobals) = postSolution
		SolutionGuid = {F44228BF-E9A8-4100-92D1-E687878F205E}
	EndGlobalSection
EndGlobal
